
Microsoft Visual Studio Solution File, Format Version 12.00
# Visual Studio Version 17
VisualStudioVersion = 17.4.33205.214
MinimumVisualStudioVersion = 10.0.40219.1
Project("{FAE04EC0-301F-11D3-BF4B-00C04F79EFBC}") = "Kutse", "Kutse\Kutse.csproj", "{9F820D46-4220-48ED-B87F-09C3437EA6F8}"
EndProject
Global
	GlobalSection(SolutionConfigurationPlatforms) = preSolution
		Debug|Any CPU = Debug|Any CPU
		Release|Any CPU = Release|Any CPU
	EndGlobalSection
	GlobalSection(ProjectConfigurationPlatforms) = postSolution
		{9F820D46-4220-48ED-B87F-09C3437EA6F8}.Debug|Any CPU.ActiveCfg = Debug|Any CPU
		{9F820D46-4220-48ED-B87F-09C3437EA6F8}.Debug|Any CPU.Build.0 = Debug|Any CPU
		{9F820D46-4220-48ED-B87F-09C3437EA6F8}.Release|Any CPU.ActiveCfg = Release|Any CPU
		{9F820D46-4220-48ED-B87F-09C3437EA6F8}.Release|Any CPU.Build.0 = Release|Any CPU
	EndGlobalSection
	GlobalSection(SolutionProperties) = preSolution
		HideSolutionNode = FALSE
	EndGlobalSection
	GlobalSection(ExtensibilityGlobals) = postSolution
		SolutionGuid = {7D04D08C-D1D6-4106-A5DB-B616958817E1}
	EndGlobalSection
EndGlobal
